
Microsoft Visual Studio Solution File, Format Version 12.00
# Visual Studio 15
VisualStudioVersion = 15.0.27703.2000
MinimumVisualStudioVersion = 10.0.40219.1
Project("{8BC9CEB8-8B4A-11D0-8D11-00A0C91BC942}") = "PP01.HelloSDL", "PP01.HelloSDL\PP01.HelloSDL.vcxproj", "{3C9F50BF-C7FF-4215-9B25-3776D4833131}"
EndProject
Project("{8BC9CEB8-8B4A-11D0-8D11-00A0C91BC942}") = "PP02.BreakUpHelloSDL", "PP02.BreakUpHelloSDL\PP02.BreakUpHelloSDL.vcxproj", "{AF9795F6-41CC-4924-8504-0CE32F2FDCD3}"
EndProject
Project("{8BC9CEB8-8B4A-11D0-8D11-00A0C91BC942}") = "PP03.GameClass", "PP03.GameClass\PP03.GameClass.vcxproj", "{57DF2E13-7109-4CFF-A5C7-98CBC77E0D07}"
EndProject
Global
	GlobalSection(SolutionConfigurationPlatforms) = preSolution
		Debug|x64 = Debug|x64
		Debug|x86 = Debug|x86
		Release|x64 = Release|x64
		Release|x86 = Release|x86
	EndGlobalSection
	GlobalSection(ProjectConfigurationPlatforms) = postSolution
		{3C9F50BF-C7FF-4215-9B25-3776D4833131}.Debug|x64.ActiveCfg = Debug|x64
		{3C9F50BF-C7FF-4215-9B25-3776D4833131}.Debug|x64.Build.0 = Debug|x64
		{3C9F50BF-C7FF-4215-9B25-3776D4833131}.Debug|x86.ActiveCfg = Debug|Win32
		{3C9F50BF-C7FF-4215-9B25-3776D4833131}.Debug|x86.Build.0 = Debug|Win32
		{3C9F50BF-C7FF-4215-9B25-3776D4833131}.Release|x64.ActiveCfg = Release|x64
		{3C9F50BF-C7FF-4215-9B25-3776D4833131}.Release|x64.Build.0 = Release|x64
		{3C9F50BF-C7FF-4215-9B25-3776D4833131}.Release|x86.ActiveCfg = Release|Win32
		{3C9F50BF-C7FF-4215-9B25-3776D4833131}.Release|x86.Build.0 = Release|Win32
		{AF9795F6-41CC-4924-8504-0CE32F2FDCD3}.Debug|x64.ActiveCfg = Debug|x64
		{AF9795F6-41CC-4924-8504-0CE32F2FDCD3}.Debug|x64.Build.0 = Debug|x64
		{AF9795F6-41CC-4924-8504-0CE32F2FDCD3}.Debug|x86.ActiveCfg = Debug|Win32
		{AF9795F6-41CC-4924-8504-0CE32F2FDCD3}.Debug|x86.Build.0 = Debug|Win32
		{AF9795F6-41CC-4924-8504-0CE32F2FDCD3}.Release|x64.ActiveCfg = Release|x64
		{AF9795F6-41CC-4924-8504-0CE32F2FDCD3}.Release|x64.Build.0 = Release|x64
		{AF9795F6-41CC-4924-8504-0CE32F2FDCD3}.Release|x86.ActiveCfg = Release|Win32
		{AF9795F6-41CC-4924-8504-0CE32F2FDCD3}.Release|x86.Build.0 = Release|Win32
		{57DF2E13-7109-4CFF-A5C7-98CBC77E0D07}.Debug|x64.ActiveCfg = Debug|x64
		{57DF2E13-7109-4CFF-A5C7-98CBC77E0D07}.Debug|x64.Build.0 = Debug|x64
		{57DF2E13-7109-4CFF-A5C7-98CBC77E0D07}.Debug|x86.ActiveCfg = Debug|Win32
		{57DF2E13-7109-4CFF-A5C7-98CBC77E0D07}.Debug|x86.Build.0 = Debug|Win32
		{57DF2E13-7109-4CFF-A5C7-98CBC77E0D07}.Release|x64.ActiveCfg = Release|x64
		{57DF2E13-7109-4CFF-A5C7-98CBC77E0D07}.Release|x64.Build.0 = Release|x64
		{57DF2E13-7109-4CFF-A5C7-98CBC77E0D07}.Release|x86.ActiveCfg = Release|Win32
		{57DF2E13-7109-4CFF-A5C7-98CBC77E0D07}.Release|x86.Build.0 = Release|Win32
	EndGlobalSection
	GlobalSection(SolutionProperties) = preSolution
		HideSolutionNode = FALSE
	EndGlobalSection
	GlobalSection(ExtensibilityGlobals) = postSolution
		SolutionGuid = {FC208206-8215-4CB6-A451-2BF8CB1FF187}
	EndGlobalSection
EndGlobal
